
Microsoft Visual Studio Solution File, Format Version 12.00
# Visual Studio Version 17
VisualStudioVersion = 17.1.32210.238
MinimumVisualStudioVersion = 10.0.40219.1
Project("{8BC9CEB8-8B4A-11D0-8D11-00A0C91BC942}") = "ClipCutter", "ClipCutter\ClipCutter.vcxproj", "{32A8B6FA-6DE7-4423-8780-82C12FFEBD22}"
EndProject
Global
	GlobalSection(SolutionConfigurationPlatforms) = preSolution
		Debug|x64 = Debug|x64
		Release|x64 = Release|x64
	EndGlobalSection
	GlobalSection(ProjectConfigurationPlatforms) = postSolution
		{32A8B6FA-6DE7-4423-8780-82C12FFEBD22}.Debug|x64.ActiveCfg = Debug|x64
		{32A8B6FA-6DE7-4423-8780-82C12FFEBD22}.Debug|x64.Build.0 = Debug|x64
		{32A8B6FA-6DE7-4423-8780-82C12FFEBD22}.Release|x64.ActiveCfg = Release|x64
		{32A8B6FA-6DE7-4423-8780-82C12FFEBD22}.Release|x64.Build.0 = Release|x64
	EndGlobalSection
	GlobalSection(SolutionProperties) = preSolution
		HideSolutionNode = FALSE
	EndGlobalSection
	GlobalSection(ExtensibilityGlobals) = postSolution
		SolutionGuid = {9BBF28D9-C367-4E37-B224-6926799B9BF7}
	EndGlobalSection
EndGlobal
